// !$*UTF8*$!
{
	archiveVersion = 1;
	classes = {
	};
	objectVersion = 50;
	objects = {

/* Begin PBXBuildFile section */
		8C1AD65B231B58E0005DC78A /* AppDelegate.swift in Sources */ = {isa = PBXBuildFile; fileRef = 8C1AD65A231B58E0005DC78A /* AppDelegate.swift */; };
		8C1AD65D231B58E0005DC78A /* ViewController.swift in Sources */ = {isa = PBXBuildFile; fileRef = 8C1AD65C231B58E0005DC78A /* ViewController.swift */; };
		8C1AD660231B58E0005DC78A /* Main.storyboard in Resources */ = {isa = PBXBuildFile; fileRef = 8C1AD65E231B58E0005DC78A /* Main.storyboard */; };
		8C1AD662231B58EB005DC78A /* Assets.xcassets in Resources */ = {isa = PBXBuildFile; fileRef = 8C1AD661231B58EB005DC78A /* Assets.xcassets */; };
		8C1AD665231B58EB005DC78A /* LaunchScreen.storyboard in Resources */ = {isa = PBXBuildFile; fileRef = 8C1AD663231B58EB005DC78A /* LaunchScreen.storyboard */; };
		8C1AD670231B58ED005DC78A /* QuizTests.swift in Sources */ = {isa = PBXBuildFile; fileRef = 8C1AD66F231B58ED005DC78A /* QuizTests.swift */; };
		8C1AD67B231B58ED005DC78A /* QuizUITests.swift in Sources */ = {isa = PBXBuildFile; fileRef = 8C1AD67A231B58ED005DC78A /* QuizUITests.swift */; };
/* End PBXBuildFile section */

/* Begin PBXContainerItemProxy section */
		8C1AD66C231B58ED005DC78A /* PBXContainerItemProxy */ = {
			isa = PBXContainerItemProxy;
			containerPortal = 8C1AD64F231B58DF005DC78A /* Project object */;
			proxyType = 1;
			remoteGlobalIDString = 8C1AD656231B58E0005DC78A;
			remoteInfo = Quiz;
		};
		8C1AD677231B58ED005DC78A /* PBXContainerItemProxy */ = {
			isa = PBXContainerItemProxy;
			containerPortal = 8C1AD64F231B58DF005DC78A /* Project object */;
			proxyType = 1;
			remoteGlobalIDString = 8C1AD656231B58E0005DC78A;
			remoteInfo = Quiz;
		};
/* End PBXContainerItemProxy section */

/* Begin PBXFileReference section */
		8C1AD657231B58E0005DC78A /* Quiz.app */ = {isa = PBXFileReference; explicitFileType = wrapper.application; includeInIndex = 0; path = Quiz.app; sourceTree = BUILT_PRODUCTS_DIR; };
		8C1AD65A231B58E0005DC78A /* AppDelegate.swift */ = {isa = PBXFileReference; lastKnownFileType = sourcecode.swift; path = AppDelegate.swift; sourceTree = "<group>"; };
		8C1AD65C231B58E0005DC78A /* ViewController.swift */ = {isa = PBXFileReference; lastKnownFileType = sourcecode.swift; path = ViewController.swift; sourceTree = "<group>"; };
		8C1AD65F231B58E0005DC78A /* Base */ = {isa = PBXFileReference; lastKnownFileType = file.storyboard; name = Base; path = Base.lproj/Main.storyboard; sourceTree = "<group>"; };
		8C1AD661231B58EB005DC78A /* Assets.xcassets */ = {isa = PBXFileReference; lastKnownFileType = folder.assetcatalog; path = Assets.xcassets; sourceTree = "<group>"; };
		8C1AD664231B58EB005DC78A /* Base */ = {isa = PBXFileReference; lastKnownFileType = file.storyboard; name = Base; path = Base.lproj/LaunchScreen.storyboard; sourceTree = "<group>"; };
		8C1AD666231B58EB005DC78A /* Info.plist */ = {isa = PBXFileReference; lastKnownFileType = text.plist.xml; path = Info.plist; sourceTree = "<group>"; };
		8C1AD66B231B58ED005DC78A /* QuizTests.xctest */ = {isa = PBXFileReference; explicitFileType = wrapper.cfbundle; includeInIndex = 0; path = QuizTests.xctest; sourceTree = BUILT_PRODUCTS_DIR; };
		8C1AD66F231B58ED005DC78A /* QuizTests.swift */ = {isa = PBXFileReference; lastKnownFileType = sourcecode.swift; path = QuizTests.swift; sourceTree = "<group>"; };
		8C1AD671231B58ED005DC78A /* Info.plist */ = {isa = PBXFileReference; lastKnownFileType = text.plist.xml; path = Info.plist; sourceTree = "<group>"; };
		8C1AD676231B58ED005DC78A /* QuizUITests.xctest */ = {isa = PBXFileReference; explicitFileType = wrapper.cfbundle; includeInIndex = 0; path = QuizUITests.xctest; sourceTree = BUILT_PRODUCTS_DIR; };
		8C1AD67A231B58ED005DC78A /* QuizUITests.swift */ = {isa = PBXFileReference; lastKnownFileType = sourcecode.swift; path = QuizUITests.swift; sourceTree = "<group>"; };
		8C1AD67C231B58ED005DC78A /* Info.plist */ = {isa = PBXFileReference; lastKnownFileType = text.plist.xml; path = Info.plist; sourceTree = "<group>"; };
/* End PBXFileReference section */

/* Begin PBXFrameworksBuildPhase section */
		8C1AD654231B58E0005DC78A /* Frameworks */ = {
			isa = PBXFrameworksBuildPhase;
			buildActionMask = 2147483647;
			files = (
			);
			runOnlyForDeploymentPostprocessing = 0;
		};
		8C1AD668231B58ED005DC78A /* Frameworks */ = {
			isa = PBXFrameworksBuildPhase;
			buildActionMask = 2147483647;
			files = (
			);
			runOnlyForDeploymentPostprocessing = 0;
		};
		8C1AD673231B58ED005DC78A /* Frameworks */ = {
			isa = PBXFrameworksBuildPhase;
			buildActionMask = 2147483647;
			files = (
			);
			runOnlyForDeploymentPostprocessing = 0;
		};
/* End PBXFrameworksBuildPhase section */

/* Begin PBXGroup section */
		8C1AD64E231B58DF005DC78A = {
			isa = PBXGroup;
			children = (
				8C1AD659231B58E0005DC78A /* Quiz */,
				8C1AD66E231B58ED005DC78A /* QuizTests */,
				8C1AD679231B58ED005DC78A /* QuizUITests */,
				8C1AD658231B58E0005DC78A /* Products */,
			);
			sourceTree = "<group>";
		};
		8C1AD658231B58E0005DC78A /* Products */ = {
			isa = PBXGroup;
			children = (
				8C1AD657231B58E0005DC78A /* Quiz.app */,
				8C1AD66B231B58ED005DC78A /* QuizTests.xctest */,
				8C1AD676231B58ED005DC78A /* QuizUITests.xctest */,
			);
			name = Products;
			sourceTree = "<group>";
		};
		8C1AD659231B58E0005DC78A /* Quiz */ = {
			isa = PBXGroup;
			children = (
				8C1AD65A231B58E0005DC78A /* AppDelegate.swift */,
				8C1AD65C231B58E0005DC78A /* ViewController.swift */,
				8C1AD65E231B58E0005DC78A /* Main.storyboard */,
				8C1AD661231B58EB005DC78A /* Assets.xcassets */,
				8C1AD663231B58EB005DC78A /* LaunchScreen.storyboard */,
				8C1AD666231B58EB005DC78A /* Info.plist */,
			);
			path = Quiz;
			sourceTree = "<group>";
		};
		8C1AD66E231B58ED005DC78A /* QuizTests */ = {
			isa = PBXGroup;
			children = (
				8C1AD66F231B58ED005DC78A /* QuizTests.swift */,
				8C1AD671231B58ED005DC78A /* Info.plist */,
			);
			path = QuizTests;
			sourceTree = "<group>";
		};
		8C1AD679231B58ED005DC78A /* QuizUITests */ = {
			isa = PBXGroup;
			children = (
				8C1AD67A231B58ED005DC78A /* QuizUITests.swift */,
				8C1AD67C231B58ED005DC78A /* Info.plist */,
			);
			path = QuizUITests;
			sourceTree = "<group>";
		};
/* End PBXGroup section */

/* Begin PBXNativeTarget section */
		8C1AD656231B58E0005DC78A /* Quiz */ = {
			isa = PBXNativeTarget;
			buildConfigurationList = 8C1AD67F231B58ED005DC78A /* Build configuration list for PBXNativeTarget "Quiz" */;
			buildPhases = (
				8C1AD653231B58E0005DC78A /* Sources */,
				8C1AD654231B58E0005DC78A /* Frameworks */,
				8C1AD655231B58E0005DC78A /* Resources */,
			);
			buildRules = (
			);
			dependencies = (
			);
			name = Quiz;
			productName = Quiz;
			productReference = 8C1AD657231B58E0005DC78A /* Quiz.app */;
			productType = "com.apple.product-type.application";
		};
		8C1AD66A231B58ED005DC78A /* QuizTests */ = {
			isa = PBXNativeTarget;
			buildConfigurationList = 8C1AD682231B58ED005DC78A /* Build configuration list for PBXNativeTarget "QuizTests" */;
			buildPhases = (
				8C1AD667231B58ED005DC78A /* Sources */,
				8C1AD668231B58ED005DC78A /* Frameworks */,
				8C1AD669231B58ED005DC78A /* Resources */,
			);
			buildRules = (
			);
			dependencies = (
				8C1AD66D231B58ED005DC78A /* PBXTargetDependency */,
			);
			name = QuizTests;
			productName = QuizTests;
			productReference = 8C1AD66B231B58ED005DC78A /* QuizTests.xctest */;
			productType = "com.apple.product-type.bundle.unit-test";
		};
		8C1AD675231B58ED005DC78A /* QuizUITests */ = {
			isa = PBXNativeTarget;
			buildConfigurationList = 8C1AD685231B58ED005DC78A /* Build configuration list for PBXNativeTarget "QuizUITests" */;
			buildPhases = (
				8C1AD672231B58ED005DC78A /* Sources */,
				8C1AD673231B58ED005DC78A /* Frameworks */,
				8C1AD674231B58ED005DC78A /* Resources */,
			);
			buildRules = (
			);
			dependencies = (
				8C1AD678231B58ED005DC78A /* PBXTargetDependency */,
			);
			name = QuizUITests;
			productName = QuizUITests;
			productReference = 8C1AD676231B58ED005DC78A /* QuizUITests.xctest */;
			productType = "com.apple.product-type.bundle.ui-testing";
		};
/* End PBXNativeTarget section */

/* Begin PBXProject section */
		8C1AD64F231B58DF005DC78A /* Project object */ = {
			isa = PBXProject;
			attributes = {
				LastSwiftUpdateCheck = 1030;
				LastUpgradeCheck = 1030;
				ORGANIZATIONNAME = COP4655;
				TargetAttributes = {
					8C1AD656231B58E0005DC78A = {
						CreatedOnToolsVersion = 10.3;
					};
					8C1AD66A231B58ED005DC78A = {
						CreatedOnToolsVersion = 10.3;
						TestTargetID = 8C1AD656231B58E0005DC78A;
					};
					8C1AD675231B58ED005DC78A = {
						CreatedOnToolsVersion = 10.3;
						TestTargetID = 8C1AD656231B58E0005DC78A;
					};
				};
			};
			buildConfigurationList = 8C1AD652231B58DF005DC78A /* Build configuration list for PBXProject "Quiz" */;
			compatibilityVersion = "Xcode 9.3";
			developmentRegion = en;
			hasScannedForEncodings = 0;
			knownRegions = (
				en,
				Base,
			);
			mainGroup = 8C1AD64E231B58DF005DC78A;
			productRefGroup = 8C1AD658231B58E0005DC78A /* Products */;
			projectDirPath = "";
			projectRoot = "";
			targets = (
				8C1AD656231B58E0005DC78A /* Quiz */,
				8C1AD66A231B58ED005DC78A /* QuizTests */,
				8C1AD675231B58ED005DC78A /* QuizUITests */,
			);
		};
/* End PBXProject section */

/* Begin PBXResourcesBuildPhase section */
		8C1AD655231B58E0005DC78A /* Resources */ = {
			isa = PBXResourcesBuildPhase;
			buildActionMask = 2147483647;
			files = (
				8C1AD665231B58EB005DC78A /* LaunchScreen.storyboard in Resources */,
				8C1AD662231B58EB005DC78A /* Assets.xcassets in Resources */,
				8C1AD660231B58E0005DC78A /* Main.storyboard in Resources */,
			);
			runOnlyForDeploymentPostprocessing = 0;
		};
		8C1AD669231B58ED005DC78A /* Resources */ = {
			isa = PBXResourcesBuildPhase;
			buildActionMask = 2147483647;
			files = (
			);
			runOnlyForDeploymentPostprocessing = 0;
		};
		8C1AD674231B58ED005DC78A /* Resources */ = {
			isa = PBXResourcesBuildPhase;
			buildActionMask = 2147483647;
			files = (
			);
			runOnlyForDeploymentPostprocessing = 0;
		};
/* End PBXResourcesBuildPhase section */

/* Begin PBXSourcesBuildPhase section */
		8C1AD653231B58E0005DC78A /* Sources */ = {
			isa = PBXSourcesBuildPhase;
			buildActionMask = 2147483647;
			files = (
				8C1AD65D231B58E0005DC78A /* ViewController.swift in Sources */,
				8C1AD65B231B58E0005DC78A /* AppDelegate.swift in Sources */,
			);
			runOnlyForDeploymentPostprocessing = 0;
		};
		8C1AD667231B58ED005DC78A /* Sources */ = {
			isa = PBXSourcesBuildPhase;
			buildActionMask = 2147483647;
			files = (
				8C1AD670231B58ED005DC78A /* QuizTests.swift in Sources */,
			);
			runOnlyForDeploymentPostprocessing = 0;
		};
		8C1AD672231B58ED005DC78A /* Sources */ = {
			isa = PBXSourcesBuildPhase;
			buildActionMask = 2147483647;
			files = (
				8C1AD67B231B58ED005DC78A /* QuizUITests.swift in Sources */,
			);
			runOnlyForDeploymentPostprocessing = 0;
		};
/* End PBXSourcesBuildPhase section */

/* Begin PBXTargetDependency section */
		8C1AD66D231B58ED005DC78A /* PBXTargetDependency */ = {
			isa = PBXTargetDependency;
			target = 8C1AD656231B58E0005DC78A /* Quiz */;
			targetProxy = 8C1AD66C231B58ED005DC78A /* PBXContainerItemProxy */;
		};
		8C1AD678231B58ED005DC78A /* PBXTargetDependency */ = {
			isa = PBXTargetDependency;
			target = 8C1AD656231B58E0005DC78A /* Quiz */;
			targetProxy = 8C1AD677231B58ED005DC78A /* PBXContainerItemProxy */;
		};
/* End PBXTargetDependency section */

/* Begin PBXVariantGroup section */
		8C1AD65E231B58E0005DC78A /* Main.storyboard */ = {
			isa = PBXVariantGroup;
			children = (
				8C1AD65F231B58E0005DC78A /* Base */,
			);
			name = Main.storyboard;
			sourceTree = "<group>";
		};
		8C1AD663231B58EB005DC78A /* LaunchScreen.storyboard */ = {
			isa = PBXVariantGroup;
			children = (
				8C1AD664231B58EB005DC78A /* Base */,
			);
			name = LaunchScreen.storyboard;
			sourceTree = "<group>";
		};
/* End PBXVariantGroup section */

/* Begin XCBuildConfiguration section */
		8C1AD67D231B58ED005DC78A /* Debug */ = {
			isa = XCBuildConfiguration;
			buildSettings = {
				ALWAYS_SEARCH_USER_PATHS = NO;
				CLANG_ANALYZER_NONNULL = YES;
				CLANG_ANALYZER_NUMBER_OBJECT_CONVERSION = YES_AGGRESSIVE;
				CLANG_CXX_LANGUAGE_STANDARD = "gnu++14";
				CLANG_CXX_LIBRARY = "libc++";
				CLANG_ENABLE_MODULES = YES;
				CLANG_ENABLE_OBJC_ARC = YES;
				CLANG_ENABLE_OBJC_WEAK = YES;
				CLANG_WARN_BLOCK_CAPTURE_AUTORELEASING = YES;
				CLANG_WARN_BOOL_CONVERSION = YES;
				CLANG_WARN_COMMA = YES;
				CLANG_WARN_CONSTANT_CONVERSION = YES;
				CLANG_WARN_DEPRECATED_OBJC_IMPLEMENTATIONS = YES;
				CLANG_WARN_DIRECT_OBJC_ISA_USAGE = YES_ERROR;
				CLANG_WARN_DOCUMENTATION_COMMENTS = YES;
				CLANG_WARN_EMPTY_BODY = YES;
				CLANG_WARN_ENUM_CONVERSION = YES;
				CLANG_WARN_INFINITE_RECURSION = YES;
				CLANG_WARN_INT_CONVERSION = YES;
				CLANG_WARN_NON_LITERAL_NULL_CONVERSION = YES;
				CLANG_WARN_OBJC_IMPLICIT_RETAIN_SELF = YES;
				CLANG_WARN_OBJC_LITERAL_CONVERSION = YES;
				CLANG_WARN_OBJC_ROOT_CLASS = YES_ERROR;
				CLANG_WARN_RANGE_LOOP_ANALYSIS = YES;
				CLANG_WARN_STRICT_PROTOTYPES = YES;
				CLANG_WARN_SUSPICIOUS_MOVE = YES;
				CLANG_WARN_UNGUARDED_AVAILABILITY = YES_AGGRESSIVE;
				CLANG_WARN_UNREACHABLE_CODE = YES;
				CLANG_WARN__DUPLICATE_METHOD_MATCH = YES;
				CODE_SIGN_IDENTITY = "iPhone Developer";
				COPY_PHASE_STRIP = NO;
				DEBUG_INFORMATION_FORMAT = dwarf;
				ENABLE_STRICT_OBJC_MSGSEND = YES;
				ENABLE_TESTABILITY = YES;
				GCC_C_LANGUAGE_STANDARD = gnu11;
				GCC_DYNAMIC_NO_PIC = NO;
				GCC_NO_COMMON_BLOCKS = YES;
				GCC_OPTIMIZATION_LEVEL = 0;
				GCC_PREPROCESSOR_DEFINITIONS = (
					"DEBUG=1",
					"$(inherited)",
				);
				GCC_WARN_64_TO_32_BIT_CONVERSION = YES;
				GCC_WARN_ABOUT_RETURN_TYPE = YES_ERROR;
				GCC_WARN_UNDECLARED_SELECTOR = YES;
				GCC_WARN_UNINITIALIZED_AUTOS = YES_AGGRESSIVE;
				GCC_WARN_UNUSED_FUNCTION = YES;
				GCC_WARN_UNUSED_VARIABLE = YES;
				IPHONEOS_DEPLOYMENT_TARGET = 12.4;
				MTL_ENABLE_DEBUG_INFO = INCLUDE_SOURCE;
				MTL_FAST_MATH = YES;
				ONLY_ACTIVE_ARCH = YES;
				SDKROOT = iphoneos;
				SWIFT_ACTIVE_COMPILATION_CONDITIONS = DEBUG;
				SWIFT_OPTIMIZATION_LEVEL = "-Onone";
			};
			name = Debug;
		};
		8C1AD67E231B58ED005DC78A /* Release */ = {
			isa = XCBuildConfiguration;
			buildSettings = {
				ALWAYS_SEARCH_USER_PATHS = NO;
				CLANG_ANALYZER_NONNULL = YES;
				CLANG_ANALYZER_NUMBER_OBJECT_CONVERSION = YES_AGGRESSIVE;
				CLANG_CXX_LANGUAGE_STANDARD = "gnu++14";
				CLANG_CXX_LIBRARY = "libc++";
				CLANG_ENABLE_MODULES = YES;
				CLANG_ENABLE_OBJC_ARC = YES;
				CLANG_ENABLE_OBJC_WEAK = YES;
				CLANG_WARN_BLOCK_CAPTURE_AUTORELEASING = YES;
				CLANG_WARN_BOOL_CONVERSION = YES;
				CLANG_WARN_COMMA = YES;
				CLANG_WARN_CONSTANT_CONVERSION = YES;
				CLANG_WARN_DEPRECATED_OBJC_IMPLEMENTATIONS = YES;
				CLANG_WARN_DIRECT_OBJC_ISA_USAGE = YES_ERROR;
				CLANG_WARN_DOCUMENTATION_COMMENTS = YES;
				CLANG_WARN_EMPTY_BODY = YES;
				CLANG_WARN_ENUM_CONVERSION = YES;
				CLANG_WARN_INFINITE_RECURSION = YES;
				CLANG_WARN_INT_CONVERSION = YES;
				CLANG_WARN_NON_LITERAL_NULL_CONVERSION = YES;
				CLANG_WARN_OBJC_IMPLICIT_RETAIN_SELF = YES;
				CLANG_WARN_OBJC_LITERAL_CONVERSION = YES;
				CLANG_WARN_OBJC_ROOT_CLASS = YES_ERROR;
				CLANG_WARN_RANGE_LOOP_ANALYSIS = YES;
				CLANG_WARN_STRICT_PROTOTYPES = YES;
				CLANG_WARN_SUSPICIOUS_MOVE = YES;
				CLANG_WARN_UNGUARDED_AVAILABILITY = YES_AGGRESSIVE;
				CLANG_WARN_UNREACHABLE_CODE = YES;
				CLANG_WARN__DUPLICATE_METHOD_MATCH = YES;
				CODE_SIGN_IDENTITY = "iPhone Developer";
				COPY_PHASE_STRIP = NO;
				DEBUG_INFORMATION_FORMAT = "dwarf-with-dsym";
				ENABLE_NS_ASSERTIONS = NO;
				ENABLE_STRICT_OBJC_MSGSEND = YES;
				GCC_C_LANGUAGE_STANDARD = gnu11;
				GCC_NO_COMMON_BLOCKS = YES;
				GCC_WARN_64_TO_32_BIT_CONVERSION = YES;
				GCC_WARN_ABOUT_RETURN_TYPE = YES_ERROR;
				GCC_WARN_UNDECLARED_SELECTOR = YES;
				GCC_WARN_UNINITIALIZED_AUTOS = YES_AGGRESSIVE;
				GCC_WARN_UNUSED_FUNCTION = YES;
				GCC_WARN_UNUSED_VARIABLE = YES;
				IPHONEOS_DEPLOYMENT_TARGET = 12.4;
				MTL_ENABLE_DEBUG_INFO = NO;
				MTL_FAST_MATH = YES;
				SDKROOT = iphoneos;
				SWIFT_COMPILATION_MODE = wholemodule;
				SWIFT_OPTIMIZATION_LEVEL = "-O";
				VALIDATE_PRODUCT = YES;
			};
			name = Release;
		};
		8C1AD680231B58ED005DC78A /* Debug */ = {
			isa = XCBuildConfiguration;
			buildSettings = {
				ASSETCATALOG_COMPILER_APPICON_NAME = AppIcon;
				CODE_SIGN_STYLE = Automatic;
				INFOPLIST_FILE = Quiz/Info.plist;
				LD_RUNPATH_SEARCH_PATHS = (
					"$(inherited)",
					"@executable_path/Frameworks",
				);
				PRODUCT_BUNDLE_IDENTIFIER = com.COP4655.Quiz;
				PRODUCT_NAME = "$(TARGET_NAME)";
				SWIFT_VERSION = 5.0;
				TARGETED_DEVICE_FAMILY = "1,2";
			};
			name = Debug;
		};
		8C1AD681231B58ED005DC78A /* Release */ = {
			isa = XCBuildConfiguration;
			buildSettings = {
				ASSETCATALOG_COMPILER_APPICON_NAME = AppIcon;
				CODE_SIGN_STYLE = Automatic;
				INFOPLIST_FILE = Quiz/Info.plist;
				LD_RUNPATH_SEARCH_PATHS = (
					"$(inherited)",
					"@executable_path/Frameworks",
				);
				PRODUCT_BUNDLE_IDENTIFIER = com.COP4655.Quiz;
				PRODUCT_NAME = "$(TARGET_NAME)";
				SWIFT_VERSION = 5.0;
				TARGETED_DEVICE_FAMILY = "1,2";
			};
			name = Release;
		};
		8C1AD683231B58ED005DC78A /* Debug */ = {
			isa = XCBuildConfiguration;
			buildSettings = {
				ALWAYS_EMBED_SWIFT_STANDARD_LIBRARIES = YES;
				BUNDLE_LOADER = "$(TEST_HOST)";
				CODE_SIGN_STYLE = Automatic;
				INFOPLIST_FILE = QuizTests/Info.plist;
				LD_RUNPATH_SEARCH_PATHS = (
					"$(inherited)",
					"@executable_path/Frameworks",
					"@loader_path/Frameworks",
				);
				PRODUCT_BUNDLE_IDENTIFIER = com.COP4655.QuizTests;
				PRODUCT_NAME = "$(TARGET_NAME)";
				SWIFT_VERSION = 5.0;
				TARGETED_DEVICE_FAMILY = "1,2";
				TEST_HOST = "$(BUILT_PRODUCTS_DIR)/Quiz.app/Quiz";
			};
			name = Debug;
		};
		8C1AD684231B58ED005DC78A /* Release */ = {
			isa = XCBuildConfiguration;
			buildSettings = {
				ALWAYS_EMBED_SWIFT_STANDARD_LIBRARIES = YES;
				BUNDLE_LOADER = "$(TEST_HOST)";
				CODE_SIGN_STYLE = Automatic;
				INFOPLIST_FILE = QuizTests/Info.plist;
				LD_RUNPATH_SEARCH_PATHS = (
					"$(inherited)",
					"@executable_path/Frameworks",
					"@loader_path/Frameworks",
				);
				PRODUCT_BUNDLE_IDENTIFIER = com.COP4655.QuizTests;
				PRODUCT_NAME = "$(TARGET_NAME)";
				SWIFT_VERSION = 5.0;
				TARGETED_DEVICE_FAMILY = "1,2";
				TEST_HOST = "$(BUILT_PRODUCTS_DIR)/Quiz.app/Quiz";
			};
			name = Release;
		};
		8C1AD686231B58ED005DC78A /* Debug */ = {
			isa = XCBuildConfiguration;
			buildSettings = {
				ALWAYS_EMBED_SWIFT_STANDARD_LIBRARIES = YES;
				CODE_SIGN_STYLE = Automatic;
				INFOPLIST_FILE = QuizUITests/Info.plist;
				LD_RUNPATH_SEARCH_PATHS = (
					"$(inherited)",
					"@executable_path/Frameworks",
					"@loader_path/Frameworks",
				);
				PRODUCT_BUNDLE_IDENTIFIER = com.COP4655.QuizUITests;
				PRODUCT_NAME = "$(TARGET_NAME)";
				SWIFT_VERSION = 5.0;
				TARGETED_DEVICE_FAMILY = "1,2";
				TEST_TARGET_NAME = Quiz;
			};
			name = Debug;
		};
		8C1AD687231B58ED005DC78A /* Release */ = {
			isa = XCBuildConfiguration;
			buildSettings = {
				ALWAYS_EMBED_SWIFT_STANDARD_LIBRARIES = YES;
				CODE_SIGN_STYLE = Automatic;
				INFOPLIST_FILE = QuizUITests/Info.plist;
				LD_RUNPATH_SEARCH_PATHS = (
					"$(inherited)",
					"@executable_path/Frameworks",
					"@loader_path/Frameworks",
				);
				PRODUCT_BUNDLE_IDENTIFIER = com.COP4655.QuizUITests;
				PRODUCT_NAME = "$(TARGET_NAME)";
				SWIFT_VERSION = 5.0;
				TARGETED_DEVICE_FAMILY = "1,2";
				TEST_TARGET_NAME = Quiz;
			};
			name = Release;
		};
/* End XCBuildConfiguration section */

/* Begin XCConfigurationList section */
		8C1AD652231B58DF005DC78A /* Build configuration list for PBXProject "Quiz" */ = {
			isa = XCConfigurationList;
			buildConfigurations = (
				8C1AD67D231B58ED005DC78A /* Debug */,
				8C1AD67E231B58ED005DC78A /* Release */,
			);
			defaultConfigurationIsVisible = 0;
			defaultConfigurationName = Release;
		};
		8C1AD67F231B58ED005DC78A /* Build configuration list for PBXNativeTarget "Quiz" */ = {
			isa = XCConfigurationList;
			buildConfigurations = (
				8C1AD680231B58ED005DC78A /* Debug */,
				8C1AD681231B58ED005DC78A /* Release */,
			);
			defaultConfigurationIsVisible = 0;
			defaultConfigurationName = Release;
		};
		8C1AD682231B58ED005DC78A /* Build configuration list for PBXNativeTarget "QuizTests" */ = {
			isa = XCConfigurationList;
			buildConfigurations = (
				8C1AD683231B58ED005DC78A /* Debug */,
				8C1AD684231B58ED005DC78A /* Release */,
			);
			defaultConfigurationIsVisible = 0;
			defaultConfigurationName = Release;
		};
		8C1AD685231B58ED005DC78A /* Build configuration list for PBXNativeTarget "QuizUITests" */ = {
			isa = XCConfigurationList;
			buildConfigurations = (
				8C1AD686231B58ED005DC78A /* Debug */,
				8C1AD687231B58ED005DC78A /* Release */,
			);
			defaultConfigurationIsVisible = 0;
			defaultConfigurationName = Release;
		};
/* End XCConfigurationList section */
	};
	rootObject = 8C1AD64F231B58DF005DC78A /* Project object */;
}
