// !$*UTF8*$!
{
	archiveVersion = 1;
	classes = {
	};
	objectVersion = 48;
	objects = {

/* Begin PBXBuildFile section */
		8C7AAAAD2330036C00E10CDE /* AppDelegate.swift in Sources */ = {isa = PBXBuildFile; fileRef = 8C7AAAAC2330036C00E10CDE /* AppDelegate.swift */; };
		8C7AAAAF2330036C00E10CDE /* ViewController.swift in Sources */ = {isa = PBXBuildFile; fileRef = 8C7AAAAE2330036C00E10CDE /* ViewController.swift */; };
		8C7AAAB22330036C00E10CDE /* Main.storyboard in Resources */ = {isa = PBXBuildFile; fileRef = 8C7AAAB02330036C00E10CDE /* Main.storyboard */; };
		8C7AAAB42330036C00E10CDE /* Assets.xcassets in Resources */ = {isa = PBXBuildFile; fileRef = 8C7AAAB32330036C00E10CDE /* Assets.xcassets */; };
		8C7AAAB72330036C00E10CDE /* LaunchScreen.storyboard in Resources */ = {isa = PBXBuildFile; fileRef = 8C7AAAB52330036C00E10CDE /* LaunchScreen.storyboard */; };
		8C7AAAC22330036C00E10CDE /* cconc023_p1Tests.swift in Sources */ = {isa = PBXBuildFile; fileRef = 8C7AAAC12330036C00E10CDE /* cconc023_p1Tests.swift */; };
		8C7AAACD2330036C00E10CDE /* cconc023_p1UITests.swift in Sources */ = {isa = PBXBuildFile; fileRef = 8C7AAACC2330036C00E10CDE /* cconc023_p1UITests.swift */; };
/* End PBXBuildFile section */

/* Begin PBXContainerItemProxy section */
		8C7AAABE2330036C00E10CDE /* PBXContainerItemProxy */ = {
			isa = PBXContainerItemProxy;
			containerPortal = 8C7AAAA12330036C00E10CDE /* Project object */;
			proxyType = 1;
			remoteGlobalIDString = 8C7AAAA82330036C00E10CDE;
			remoteInfo = "cconc023-p1";
		};
		8C7AAAC92330036C00E10CDE /* PBXContainerItemProxy */ = {
			isa = PBXContainerItemProxy;
			containerPortal = 8C7AAAA12330036C00E10CDE /* Project object */;
			proxyType = 1;
			remoteGlobalIDString = 8C7AAAA82330036C00E10CDE;
			remoteInfo = "cconc023-p1";
		};
/* End PBXContainerItemProxy section */

/* Begin PBXFileReference section */
		8C7AAAA92330036C00E10CDE /* cconc023-p1.app */ = {isa = PBXFileReference; explicitFileType = wrapper.application; includeInIndex = 0; path = "cconc023-p1.app"; sourceTree = BUILT_PRODUCTS_DIR; };
		8C7AAAAC2330036C00E10CDE /* AppDelegate.swift */ = {isa = PBXFileReference; lastKnownFileType = sourcecode.swift; path = AppDelegate.swift; sourceTree = "<group>"; };
		8C7AAAAE2330036C00E10CDE /* ViewController.swift */ = {isa = PBXFileReference; lastKnownFileType = sourcecode.swift; path = ViewController.swift; sourceTree = "<group>"; };
		8C7AAAB12330036C00E10CDE /* Base */ = {isa = PBXFileReference; lastKnownFileType = file.storyboard; name = Base; path = Base.lproj/Main.storyboard; sourceTree = "<group>"; };
		8C7AAAB32330036C00E10CDE /* Assets.xcassets */ = {isa = PBXFileReference; lastKnownFileType = folder.assetcatalog; path = Assets.xcassets; sourceTree = "<group>"; };
		8C7AAAB62330036C00E10CDE /* Base */ = {isa = PBXFileReference; lastKnownFileType = file.storyboard; name = Base; path = Base.lproj/LaunchScreen.storyboard; sourceTree = "<group>"; };
		8C7AAAB82330036C00E10CDE /* Info.plist */ = {isa = PBXFileReference; lastKnownFileType = text.plist.xml; path = Info.plist; sourceTree = "<group>"; };
		8C7AAABD2330036C00E10CDE /* cconc023-p1Tests.xctest */ = {isa = PBXFileReference; explicitFileType = wrapper.cfbundle; includeInIndex = 0; path = "cconc023-p1Tests.xctest"; sourceTree = BUILT_PRODUCTS_DIR; };
		8C7AAAC12330036C00E10CDE /* cconc023_p1Tests.swift */ = {isa = PBXFileReference; lastKnownFileType = sourcecode.swift; path = cconc023_p1Tests.swift; sourceTree = "<group>"; };
		8C7AAAC32330036C00E10CDE /* Info.plist */ = {isa = PBXFileReference; lastKnownFileType = text.plist.xml; path = Info.plist; sourceTree = "<group>"; };
		8C7AAAC82330036C00E10CDE /* cconc023-p1UITests.xctest */ = {isa = PBXFileReference; explicitFileType = wrapper.cfbundle; includeInIndex = 0; path = "cconc023-p1UITests.xctest"; sourceTree = BUILT_PRODUCTS_DIR; };
		8C7AAACC2330036C00E10CDE /* cconc023_p1UITests.swift */ = {isa = PBXFileReference; lastKnownFileType = sourcecode.swift; path = cconc023_p1UITests.swift; sourceTree = "<group>"; };
		8C7AAACE2330036C00E10CDE /* Info.plist */ = {isa = PBXFileReference; lastKnownFileType = text.plist.xml; path = Info.plist; sourceTree = "<group>"; };
/* End PBXFileReference section */

/* Begin PBXFrameworksBuildPhase section */
		8C7AAAA62330036C00E10CDE /* Frameworks */ = {
			isa = PBXFrameworksBuildPhase;
			buildActionMask = 2147483647;
			files = (
			);
			runOnlyForDeploymentPostprocessing = 0;
		};
		8C7AAABA2330036C00E10CDE /* Frameworks */ = {
			isa = PBXFrameworksBuildPhase;
			buildActionMask = 2147483647;
			files = (
			);
			runOnlyForDeploymentPostprocessing = 0;
		};
		8C7AAAC52330036C00E10CDE /* Frameworks */ = {
			isa = PBXFrameworksBuildPhase;
			buildActionMask = 2147483647;
			files = (
			);
			runOnlyForDeploymentPostprocessing = 0;
		};
/* End PBXFrameworksBuildPhase section */

/* Begin PBXGroup section */
		8C7AAAA02330036C00E10CDE = {
			isa = PBXGroup;
			children = (
				8C7AAAAB2330036C00E10CDE /* cconc023-p1 */,
				8C7AAAC02330036C00E10CDE /* cconc023-p1Tests */,
				8C7AAACB2330036C00E10CDE /* cconc023-p1UITests */,
				8C7AAAAA2330036C00E10CDE /* Products */,
			);
			sourceTree = "<group>";
		};
		8C7AAAAA2330036C00E10CDE /* Products */ = {
			isa = PBXGroup;
			children = (
				8C7AAAA92330036C00E10CDE /* cconc023-p1.app */,
				8C7AAABD2330036C00E10CDE /* cconc023-p1Tests.xctest */,
				8C7AAAC82330036C00E10CDE /* cconc023-p1UITests.xctest */,
			);
			name = Products;
			sourceTree = "<group>";
		};
		8C7AAAAB2330036C00E10CDE /* cconc023-p1 */ = {
			isa = PBXGroup;
			children = (
				8C7AAAAC2330036C00E10CDE /* AppDelegate.swift */,
				8C7AAAAE2330036C00E10CDE /* ViewController.swift */,
				8C7AAAB02330036C00E10CDE /* Main.storyboard */,
				8C7AAAB32330036C00E10CDE /* Assets.xcassets */,
				8C7AAAB52330036C00E10CDE /* LaunchScreen.storyboard */,
				8C7AAAB82330036C00E10CDE /* Info.plist */,
			);
			path = "cconc023-p1";
			sourceTree = "<group>";
		};
		8C7AAAC02330036C00E10CDE /* cconc023-p1Tests */ = {
			isa = PBXGroup;
			children = (
				8C7AAAC12330036C00E10CDE /* cconc023_p1Tests.swift */,
				8C7AAAC32330036C00E10CDE /* Info.plist */,
			);
			path = "cconc023-p1Tests";
			sourceTree = "<group>";
		};
		8C7AAACB2330036C00E10CDE /* cconc023-p1UITests */ = {
			isa = PBXGroup;
			children = (
				8C7AAACC2330036C00E10CDE /* cconc023_p1UITests.swift */,
				8C7AAACE2330036C00E10CDE /* Info.plist */,
			);
			path = "cconc023-p1UITests";
			sourceTree = "<group>";
		};
/* End PBXGroup section */

/* Begin PBXNativeTarget section */
		8C7AAAA82330036C00E10CDE /* cconc023-p1 */ = {
			isa = PBXNativeTarget;
			buildConfigurationList = 8C7AAAD12330036C00E10CDE /* Build configuration list for PBXNativeTarget "cconc023-p1" */;
			buildPhases = (
				8C7AAAA52330036C00E10CDE /* Sources */,
				8C7AAAA62330036C00E10CDE /* Frameworks */,
				8C7AAAA72330036C00E10CDE /* Resources */,
			);
			buildRules = (
			);
			dependencies = (
			);
			name = "cconc023-p1";
			productName = "cconc023-p1";
			productReference = 8C7AAAA92330036C00E10CDE /* cconc023-p1.app */;
			productType = "com.apple.product-type.application";
		};
		8C7AAABC2330036C00E10CDE /* cconc023-p1Tests */ = {
			isa = PBXNativeTarget;
			buildConfigurationList = 8C7AAAD42330036C00E10CDE /* Build configuration list for PBXNativeTarget "cconc023-p1Tests" */;
			buildPhases = (
				8C7AAAB92330036C00E10CDE /* Sources */,
				8C7AAABA2330036C00E10CDE /* Frameworks */,
				8C7AAABB2330036C00E10CDE /* Resources */,
			);
			buildRules = (
			);
			dependencies = (
				8C7AAABF2330036C00E10CDE /* PBXTargetDependency */,
			);
			name = "cconc023-p1Tests";
			productName = "cconc023-p1Tests";
			productReference = 8C7AAABD2330036C00E10CDE /* cconc023-p1Tests.xctest */;
			productType = "com.apple.product-type.bundle.unit-test";
		};
		8C7AAAC72330036C00E10CDE /* cconc023-p1UITests */ = {
			isa = PBXNativeTarget;
			buildConfigurationList = 8C7AAAD72330036C00E10CDE /* Build configuration list for PBXNativeTarget "cconc023-p1UITests" */;
			buildPhases = (
				8C7AAAC42330036C00E10CDE /* Sources */,
				8C7AAAC52330036C00E10CDE /* Frameworks */,
				8C7AAAC62330036C00E10CDE /* Resources */,
			);
			buildRules = (
			);
			dependencies = (
				8C7AAACA2330036C00E10CDE /* PBXTargetDependency */,
			);
			name = "cconc023-p1UITests";
			productName = "cconc023-p1UITests";
			productReference = 8C7AAAC82330036C00E10CDE /* cconc023-p1UITests.xctest */;
			productType = "com.apple.product-type.bundle.ui-testing";
		};
/* End PBXNativeTarget section */

/* Begin PBXProject section */
		8C7AAAA12330036C00E10CDE /* Project object */ = {
			isa = PBXProject;
			attributes = {
				LastSwiftUpdateCheck = 0920;
				LastUpgradeCheck = 0920;
				ORGANIZATIONNAME = FIU;
				TargetAttributes = {
					8C7AAAA82330036C00E10CDE = {
						CreatedOnToolsVersion = 9.2;
						ProvisioningStyle = Automatic;
					};
					8C7AAABC2330036C00E10CDE = {
						CreatedOnToolsVersion = 9.2;
						ProvisioningStyle = Automatic;
						TestTargetID = 8C7AAAA82330036C00E10CDE;
					};
					8C7AAAC72330036C00E10CDE = {
						CreatedOnToolsVersion = 9.2;
						ProvisioningStyle = Automatic;
						TestTargetID = 8C7AAAA82330036C00E10CDE;
					};
				};
			};
			buildConfigurationList = 8C7AAAA42330036C00E10CDE /* Build configuration list for PBXProject "cconc023-p1" */;
			compatibilityVersion = "Xcode 8.0";
			developmentRegion = en;
			hasScannedForEncodings = 0;
			knownRegions = (
				en,
				Base,
			);
			mainGroup = 8C7AAAA02330036C00E10CDE;
			productRefGroup = 8C7AAAAA2330036C00E10CDE /* Products */;
			projectDirPath = "";
			projectRoot = "";
			targets = (
				8C7AAAA82330036C00E10CDE /* cconc023-p1 */,
				8C7AAABC2330036C00E10CDE /* cconc023-p1Tests */,
				8C7AAAC72330036C00E10CDE /* cconc023-p1UITests */,
			);
		};
/* End PBXProject section */

/* Begin PBXResourcesBuildPhase section */
		8C7AAAA72330036C00E10CDE /* Resources */ = {
			isa = PBXResourcesBuildPhase;
			buildActionMask = 2147483647;
			files = (
				8C7AAAB72330036C00E10CDE /* LaunchScreen.storyboard in Resources */,
				8C7AAAB42330036C00E10CDE /* Assets.xcassets in Resources */,
				8C7AAAB22330036C00E10CDE /* Main.storyboard in Resources */,
			);
			runOnlyForDeploymentPostprocessing = 0;
		};
		8C7AAABB2330036C00E10CDE /* Resources */ = {
			isa = PBXResourcesBuildPhase;
			buildActionMask = 2147483647;
			files = (
			);
			runOnlyForDeploymentPostprocessing = 0;
		};
		8C7AAAC62330036C00E10CDE /* Resources */ = {
			isa = PBXResourcesBuildPhase;
			buildActionMask = 2147483647;
			files = (
			);
			runOnlyForDeploymentPostprocessing = 0;
		};
/* End PBXResourcesBuildPhase section */

/* Begin PBXSourcesBuildPhase section */
		8C7AAAA52330036C00E10CDE /* Sources */ = {
			isa = PBXSourcesBuildPhase;
			buildActionMask = 2147483647;
			files = (
				8C7AAAAF2330036C00E10CDE /* ViewController.swift in Sources */,
				8C7AAAAD2330036C00E10CDE /* AppDelegate.swift in Sources */,
			);
			runOnlyForDeploymentPostprocessing = 0;
		};
		8C7AAAB92330036C00E10CDE /* Sources */ = {
			isa = PBXSourcesBuildPhase;
			buildActionMask = 2147483647;
			files = (
				8C7AAAC22330036C00E10CDE /* cconc023_p1Tests.swift in Sources */,
			);
			runOnlyForDeploymentPostprocessing = 0;
		};
		8C7AAAC42330036C00E10CDE /* Sources */ = {
			isa = PBXSourcesBuildPhase;
			buildActionMask = 2147483647;
			files = (
				8C7AAACD2330036C00E10CDE /* cconc023_p1UITests.swift in Sources */,
			);
			runOnlyForDeploymentPostprocessing = 0;
		};
/* End PBXSourcesBuildPhase section */

/* Begin PBXTargetDependency section */
		8C7AAABF2330036C00E10CDE /* PBXTargetDependency */ = {
			isa = PBXTargetDependency;
			target = 8C7AAAA82330036C00E10CDE /* cconc023-p1 */;
			targetProxy = 8C7AAABE2330036C00E10CDE /* PBXContainerItemProxy */;
		};
		8C7AAACA2330036C00E10CDE /* PBXTargetDependency */ = {
			isa = PBXTargetDependency;
			target = 8C7AAAA82330036C00E10CDE /* cconc023-p1 */;
			targetProxy = 8C7AAAC92330036C00E10CDE /* PBXContainerItemProxy */;
		};
/* End PBXTargetDependency section */

/* Begin PBXVariantGroup section */
		8C7AAAB02330036C00E10CDE /* Main.storyboard */ = {
			isa = PBXVariantGroup;
			children = (
				8C7AAAB12330036C00E10CDE /* Base */,
			);
			name = Main.storyboard;
			sourceTree = "<group>";
		};
		8C7AAAB52330036C00E10CDE /* LaunchScreen.storyboard */ = {
			isa = PBXVariantGroup;
			children = (
				8C7AAAB62330036C00E10CDE /* Base */,
			);
			name = LaunchScreen.storyboard;
			sourceTree = "<group>";
		};
/* End PBXVariantGroup section */

/* Begin XCBuildConfiguration section */
		8C7AAACF2330036C00E10CDE /* Debug */ = {
			isa = XCBuildConfiguration;
			buildSettings = {
				ALWAYS_SEARCH_USER_PATHS = NO;
				CLANG_ANALYZER_NONNULL = YES;
				CLANG_ANALYZER_NUMBER_OBJECT_CONVERSION = YES_AGGRESSIVE;
				CLANG_CXX_LANGUAGE_STANDARD = "gnu++14";
				CLANG_CXX_LIBRARY = "libc++";
				CLANG_ENABLE_MODULES = YES;
				CLANG_ENABLE_OBJC_ARC = YES;
				CLANG_WARN_BLOCK_CAPTURE_AUTORELEASING = YES;
				CLANG_WARN_BOOL_CONVERSION = YES;
				CLANG_WARN_COMMA = YES;
				CLANG_WARN_CONSTANT_CONVERSION = YES;
				CLANG_WARN_DIRECT_OBJC_ISA_USAGE = YES_ERROR;
				CLANG_WARN_DOCUMENTATION_COMMENTS = YES;
				CLANG_WARN_EMPTY_BODY = YES;
				CLANG_WARN_ENUM_CONVERSION = YES;
				CLANG_WARN_INFINITE_RECURSION = YES;
				CLANG_WARN_INT_CONVERSION = YES;
				CLANG_WARN_NON_LITERAL_NULL_CONVERSION = YES;
				CLANG_WARN_OBJC_LITERAL_CONVERSION = YES;
				CLANG_WARN_OBJC_ROOT_CLASS = YES_ERROR;
				CLANG_WARN_RANGE_LOOP_ANALYSIS = YES;
				CLANG_WARN_STRICT_PROTOTYPES = YES;
				CLANG_WARN_SUSPICIOUS_MOVE = YES;
				CLANG_WARN_UNGUARDED_AVAILABILITY = YES_AGGRESSIVE;
				CLANG_WARN_UNREACHABLE_CODE = YES;
				CLANG_WARN__DUPLICATE_METHOD_MATCH = YES;
				CODE_SIGN_IDENTITY = "iPhone Developer";
				COPY_PHASE_STRIP = NO;
				DEBUG_INFORMATION_FORMAT = dwarf;
				ENABLE_STRICT_OBJC_MSGSEND = YES;
				ENABLE_TESTABILITY = YES;
				GCC_C_LANGUAGE_STANDARD = gnu11;
				GCC_DYNAMIC_NO_PIC = NO;
				GCC_NO_COMMON_BLOCKS = YES;
				GCC_OPTIMIZATION_LEVEL = 0;
				GCC_PREPROCESSOR_DEFINITIONS = (
					"DEBUG=1",
					"$(inherited)",
				);
				GCC_WARN_64_TO_32_BIT_CONVERSION = YES;
				GCC_WARN_ABOUT_RETURN_TYPE = YES_ERROR;
				GCC_WARN_UNDECLARED_SELECTOR = YES;
				GCC_WARN_UNINITIALIZED_AUTOS = YES_AGGRESSIVE;
				GCC_WARN_UNUSED_FUNCTION = YES;
				GCC_WARN_UNUSED_VARIABLE = YES;
				IPHONEOS_DEPLOYMENT_TARGET = 10.3;
				MTL_ENABLE_DEBUG_INFO = YES;
				ONLY_ACTIVE_ARCH = YES;
				SDKROOT = iphoneos;
				SWIFT_ACTIVE_COMPILATION_CONDITIONS = DEBUG;
				SWIFT_OPTIMIZATION_LEVEL = "-Onone";
			};
			name = Debug;
		};
		8C7AAAD02330036C00E10CDE /* Release */ = {
			isa = XCBuildConfiguration;
			buildSettings = {
				ALWAYS_SEARCH_USER_PATHS = NO;
				CLANG_ANALYZER_NONNULL = YES;
				CLANG_ANALYZER_NUMBER_OBJECT_CONVERSION = YES_AGGRESSIVE;
				CLANG_CXX_LANGUAGE_STANDARD = "gnu++14";
				CLANG_CXX_LIBRARY = "libc++";
				CLANG_ENABLE_MODULES = YES;
				CLANG_ENABLE_OBJC_ARC = YES;
				CLANG_WARN_BLOCK_CAPTURE_AUTORELEASING = YES;
				CLANG_WARN_BOOL_CONVERSION = YES;
				CLANG_WARN_COMMA = YES;
				CLANG_WARN_CONSTANT_CONVERSION = YES;
				CLANG_WARN_DIRECT_OBJC_ISA_USAGE = YES_ERROR;
				CLANG_WARN_DOCUMENTATION_COMMENTS = YES;
				CLANG_WARN_EMPTY_BODY = YES;
				CLANG_WARN_ENUM_CONVERSION = YES;
				CLANG_WARN_INFINITE_RECURSION = YES;
				CLANG_WARN_INT_CONVERSION = YES;
				CLANG_WARN_NON_LITERAL_NULL_CONVERSION = YES;
				CLANG_WARN_OBJC_LITERAL_CONVERSION = YES;
				CLANG_WARN_OBJC_ROOT_CLASS = YES_ERROR;
				CLANG_WARN_RANGE_LOOP_ANALYSIS = YES;
				CLANG_WARN_STRICT_PROTOTYPES = YES;
				CLANG_WARN_SUSPICIOUS_MOVE = YES;
				CLANG_WARN_UNGUARDED_AVAILABILITY = YES_AGGRESSIVE;
				CLANG_WARN_UNREACHABLE_CODE = YES;
				CLANG_WARN__DUPLICATE_METHOD_MATCH = YES;
				CODE_SIGN_IDENTITY = "iPhone Developer";
				COPY_PHASE_STRIP = NO;
				DEBUG_INFORMATION_FORMAT = "dwarf-with-dsym";
				ENABLE_NS_ASSERTIONS = NO;
				ENABLE_STRICT_OBJC_MSGSEND = YES;
				GCC_C_LANGUAGE_STANDARD = gnu11;
				GCC_NO_COMMON_BLOCKS = YES;
				GCC_WARN_64_TO_32_BIT_CONVERSION = YES;
				GCC_WARN_ABOUT_RETURN_TYPE = YES_ERROR;
				GCC_WARN_UNDECLARED_SELECTOR = YES;
				GCC_WARN_UNINITIALIZED_AUTOS = YES_AGGRESSIVE;
				GCC_WARN_UNUSED_FUNCTION = YES;
				GCC_WARN_UNUSED_VARIABLE = YES;
				IPHONEOS_DEPLOYMENT_TARGET = 10.3;
				MTL_ENABLE_DEBUG_INFO = NO;
				SDKROOT = iphoneos;
				SWIFT_OPTIMIZATION_LEVEL = "-Owholemodule";
				VALIDATE_PRODUCT = YES;
			};
			name = Release;
		};
		8C7AAAD22330036C00E10CDE /* Debug */ = {
			isa = XCBuildConfiguration;
			buildSettings = {
				ASSETCATALOG_COMPILER_APPICON_NAME = AppIcon;
				CODE_SIGN_STYLE = Automatic;
				INFOPLIST_FILE = "cconc023-p1/Info.plist";
				LD_RUNPATH_SEARCH_PATHS = "$(inherited) @executable_path/Frameworks";
				PRODUCT_BUNDLE_IDENTIFIER = "COP4655.cconc023-p1";
				PRODUCT_NAME = "$(TARGET_NAME)";
				SWIFT_VERSION = 4.0;
				TARGETED_DEVICE_FAMILY = "1,2";
			};
			name = Debug;
		};
		8C7AAAD32330036C00E10CDE /* Release */ = {
			isa = XCBuildConfiguration;
			buildSettings = {
				ASSETCATALOG_COMPILER_APPICON_NAME = AppIcon;
				CODE_SIGN_STYLE = Automatic;
				INFOPLIST_FILE = "cconc023-p1/Info.plist";
				LD_RUNPATH_SEARCH_PATHS = "$(inherited) @executable_path/Frameworks";
				PRODUCT_BUNDLE_IDENTIFIER = "COP4655.cconc023-p1";
				PRODUCT_NAME = "$(TARGET_NAME)";
				SWIFT_VERSION = 4.0;
				TARGETED_DEVICE_FAMILY = "1,2";
			};
			name = Release;
		};
		8C7AAAD52330036C00E10CDE /* Debug */ = {
			isa = XCBuildConfiguration;
			buildSettings = {
				ALWAYS_EMBED_SWIFT_STANDARD_LIBRARIES = YES;
				BUNDLE_LOADER = "$(TEST_HOST)";
				CODE_SIGN_STYLE = Automatic;
				INFOPLIST_FILE = "cconc023-p1Tests/Info.plist";
				LD_RUNPATH_SEARCH_PATHS = "$(inherited) @executable_path/Frameworks @loader_path/Frameworks";
				PRODUCT_BUNDLE_IDENTIFIER = "COP4655.cconc023-p1Tests";
				PRODUCT_NAME = "$(TARGET_NAME)";
				SWIFT_VERSION = 4.0;
				TARGETED_DEVICE_FAMILY = "1,2";
				TEST_HOST = "$(BUILT_PRODUCTS_DIR)/cconc023-p1.app/cconc023-p1";
			};
			name = Debug;
		};
		8C7AAAD62330036C00E10CDE /* Release */ = {
			isa = XCBuildConfiguration;
			buildSettings = {
				ALWAYS_EMBED_SWIFT_STANDARD_LIBRARIES = YES;
				BUNDLE_LOADER = "$(TEST_HOST)";
				CODE_SIGN_STYLE = Automatic;
				INFOPLIST_FILE = "cconc023-p1Tests/Info.plist";
				LD_RUNPATH_SEARCH_PATHS = "$(inherited) @executable_path/Frameworks @loader_path/Frameworks";
				PRODUCT_BUNDLE_IDENTIFIER = "COP4655.cconc023-p1Tests";
				PRODUCT_NAME = "$(TARGET_NAME)";
				SWIFT_VERSION = 4.0;
				TARGETED_DEVICE_FAMILY = "1,2";
				TEST_HOST = "$(BUILT_PRODUCTS_DIR)/cconc023-p1.app/cconc023-p1";
			};
			name = Release;
		};
		8C7AAAD82330036C00E10CDE /* Debug */ = {
			isa = XCBuildConfiguration;
			buildSettings = {
				ALWAYS_EMBED_SWIFT_STANDARD_LIBRARIES = YES;
				CODE_SIGN_STYLE = Automatic;
				INFOPLIST_FILE = "cconc023-p1UITests/Info.plist";
				LD_RUNPATH_SEARCH_PATHS = "$(inherited) @executable_path/Frameworks @loader_path/Frameworks";
				PRODUCT_BUNDLE_IDENTIFIER = "COP4655.cconc023-p1UITests";
				PRODUCT_NAME = "$(TARGET_NAME)";
				SWIFT_VERSION = 4.0;
				TARGETED_DEVICE_FAMILY = "1,2";
				TEST_TARGET_NAME = "cconc023-p1";
			};
			name = Debug;
		};
		8C7AAAD92330036C00E10CDE /* Release */ = {
			isa = XCBuildConfiguration;
			buildSettings = {
				ALWAYS_EMBED_SWIFT_STANDARD_LIBRARIES = YES;
				CODE_SIGN_STYLE = Automatic;
				INFOPLIST_FILE = "cconc023-p1UITests/Info.plist";
				LD_RUNPATH_SEARCH_PATHS = "$(inherited) @executable_path/Frameworks @loader_path/Frameworks";
				PRODUCT_BUNDLE_IDENTIFIER = "COP4655.cconc023-p1UITests";
				PRODUCT_NAME = "$(TARGET_NAME)";
				SWIFT_VERSION = 4.0;
				TARGETED_DEVICE_FAMILY = "1,2";
				TEST_TARGET_NAME = "cconc023-p1";
			};
			name = Release;
		};
/* End XCBuildConfiguration section */

/* Begin XCConfigurationList section */
		8C7AAAA42330036C00E10CDE /* Build configuration list for PBXProject "cconc023-p1" */ = {
			isa = XCConfigurationList;
			buildConfigurations = (
				8C7AAACF2330036C00E10CDE /* Debug */,
				8C7AAAD02330036C00E10CDE /* Release */,
			);
			defaultConfigurationIsVisible = 0;
			defaultConfigurationName = Release;
		};
		8C7AAAD12330036C00E10CDE /* Build configuration list for PBXNativeTarget "cconc023-p1" */ = {
			isa = XCConfigurationList;
			buildConfigurations = (
				8C7AAAD22330036C00E10CDE /* Debug */,
				8C7AAAD32330036C00E10CDE /* Release */,
			);
			defaultConfigurationIsVisible = 0;
			defaultConfigurationName = Release;
		};
		8C7AAAD42330036C00E10CDE /* Build configuration list for PBXNativeTarget "cconc023-p1Tests" */ = {
			isa = XCConfigurationList;
			buildConfigurations = (
				8C7AAAD52330036C00E10CDE /* Debug */,
				8C7AAAD62330036C00E10CDE /* Release */,
			);
			defaultConfigurationIsVisible = 0;
			defaultConfigurationName = Release;
		};
		8C7AAAD72330036C00E10CDE /* Build configuration list for PBXNativeTarget "cconc023-p1UITests" */ = {
			isa = XCConfigurationList;
			buildConfigurations = (
				8C7AAAD82330036C00E10CDE /* Debug */,
				8C7AAAD92330036C00E10CDE /* Release */,
			);
			defaultConfigurationIsVisible = 0;
			defaultConfigurationName = Release;
		};
/* End XCConfigurationList section */
	};
	rootObject = 8C7AAAA12330036C00E10CDE /* Project object */;
}
